
Microsoft Visual Studio Solution File, Format Version 12.00
# Visual Studio Version 17
VisualStudioVersion = 17.13.35825.156 d17.13
MinimumVisualStudioVersion = 10.0.40219.1
Project("{FAE04EC0-301F-11D3-BF4B-00C04F79EFBC}") = "MyPortfolio", "MyPortfolio\MyPortfolio.csproj", "{ADFA3F8E-60F3-42B0-925B-38FA7751C4C7}"
EndProject
Project("{FAE04EC0-301F-11D3-BF4B-00C04F79EFBC}") = "MyPortfolio.Entities", "MyPortfolio.Entities\MyPortfolio.Entities.csproj", "{C3CF3A5D-F64F-4DDB-A930-924D6BBE45E4}"
EndProject
Project("{FAE04EC0-301F-11D3-BF4B-00C04F79EFBC}") = "MyPortfolio.Data", "MyPortfolio.Data\MyPortfolio.Data.csproj", "{38ED5EAE-5552-4260-9BA5-6C612FE056CC}"
EndProject
Global
	GlobalSection(SolutionConfigurationPlatforms) = preSolution
		Debug|Any CPU = Debug|Any CPU
		Release|Any CPU = Release|Any CPU
	EndGlobalSection
	GlobalSection(ProjectConfigurationPlatforms) = postSolution
		{ADFA3F8E-60F3-42B0-925B-38FA7751C4C7}.Debug|Any CPU.ActiveCfg = Debug|Any CPU
		{ADFA3F8E-60F3-42B0-925B-38FA7751C4C7}.Debug|Any CPU.Build.0 = Debug|Any CPU
		{ADFA3F8E-60F3-42B0-925B-38FA7751C4C7}.Release|Any CPU.ActiveCfg = Release|Any CPU
		{ADFA3F8E-60F3-42B0-925B-38FA7751C4C7}.Release|Any CPU.Build.0 = Release|Any CPU
		{C3CF3A5D-F64F-4DDB-A930-924D6BBE45E4}.Debug|Any CPU.ActiveCfg = Debug|Any CPU
		{C3CF3A5D-F64F-4DDB-A930-924D6BBE45E4}.Debug|Any CPU.Build.0 = Debug|Any CPU
		{C3CF3A5D-F64F-4DDB-A930-924D6BBE45E4}.Release|Any CPU.ActiveCfg = Release|Any CPU
		{C3CF3A5D-F64F-4DDB-A930-924D6BBE45E4}.Release|Any CPU.Build.0 = Release|Any CPU
		{38ED5EAE-5552-4260-9BA5-6C612FE056CC}.Debug|Any CPU.ActiveCfg = Debug|Any CPU
		{38ED5EAE-5552-4260-9BA5-6C612FE056CC}.Debug|Any CPU.Build.0 = Debug|Any CPU
		{38ED5EAE-5552-4260-9BA5-6C612FE056CC}.Release|Any CPU.ActiveCfg = Release|Any CPU
		{38ED5EAE-5552-4260-9BA5-6C612FE056CC}.Release|Any CPU.Build.0 = Release|Any CPU
	EndGlobalSection
	GlobalSection(SolutionProperties) = preSolution
		HideSolutionNode = FALSE
	EndGlobalSection
	GlobalSection(ExtensibilityGlobals) = postSolution
		SolutionGuid = {9CEC6574-EDDE-49FD-A09E-D8FE281812F4}
	EndGlobalSection
EndGlobal
